
Microsoft Visual Studio Solution File, Format Version 12.00
# Visual Studio 15
VisualStudioVersion = 15.0.28010.2036
MinimumVisualStudioVersion = 10.0.40219.1
Project("{FAE04EC0-301F-11D3-BF4B-00C04F79EFBC}") = "CodeFirtst", "CodeFirtst\CodeFirtst.csproj", "{B482229D-D081-4354-9319-73E23A21BB28}"
EndProject
Global
	GlobalSection(SolutionConfigurationPlatforms) = preSolution
		Debug|Any CPU = Debug|Any CPU
		Release|Any CPU = Release|Any CPU
	EndGlobalSection
	GlobalSection(ProjectConfigurationPlatforms) = postSolution
		{B482229D-D081-4354-9319-73E23A21BB28}.Debug|Any CPU.ActiveCfg = Debug|Any CPU
		{B482229D-D081-4354-9319-73E23A21BB28}.Debug|Any CPU.Build.0 = Debug|Any CPU
		{B482229D-D081-4354-9319-73E23A21BB28}.Release|Any CPU.ActiveCfg = Release|Any CPU
		{B482229D-D081-4354-9319-73E23A21BB28}.Release|Any CPU.Build.0 = Release|Any CPU
	EndGlobalSection
	GlobalSection(SolutionProperties) = preSolution
		HideSolutionNode = FALSE
	EndGlobalSection
	GlobalSection(ExtensibilityGlobals) = postSolution
		SolutionGuid = {CAA749F8-DD9D-4EDF-9DB9-F673031CE764}
	EndGlobalSection
EndGlobal
